# This file was autogenerated by Stack.
# You should not edit this file by hand.
# For more information, please see the documentation at:
#   https://docs.haskellstack.org/en/stable/lock_files

packages:
- completed:
    hackage: bearriver-0.13.3@sha256:b90e13bbdebafb9d72ddfc01da223c281aeb5d27f3e78926a4ecd423a7d41107,1794
    pantry-tree:
      size: 271
      sha256: eda0c0afd9d613a359a0c338d208dc451c868095a3b50b89e13ce77e604f89c6
  original:
    hackage: bearriver-0.13.3@sha256:b90e13bbdebafb9d72ddfc01da223c281aeb5d27f3e78926a4ecd423a7d41107,1794
snapshots:
- completed:
    size: 586110
    url: https://raw.githubusercontent.com/commercialhaskell/stackage-snapshots/master/lts/18/21.yaml
    sha256: ce4fb8d44f3c6c6032060a02e0ebb1bd29937c9a70101c1517b92a87d9515160
  original: lts-18.21
